# This file is automatically @generated by Poetry 1.7.1 and should not be changed by hand.

[[package]]
name = "attrs"
version = "23.1.0"
description = "Classes Without Boilerplate"
optional = false
python-versions = ">=3.7"
files = [
    {file = "attrs-23.1.0-py3-none-any.whl", hash = "sha256:1f28b4522cdc2fb4256ac1a020c78acf9cba2c6b461ccd2c126f3aa8e8335d04"},
    {file = "attrs-23.1.0.tar.gz", hash = "sha256:6279836d581513a26f1bf235f9acd333bc9115683f14f7e8fae46c98fc50e015"},
]

[package.extras]
cov = ["attrs[tests]", "coverage[toml] (>=5.3)"]
dev = ["attrs[docs,tests]", "pre-commit"]
docs = ["furo", "myst-parser", "sphinx", "sphinx-notfound-page", "sphinxcontrib-towncrier", "towncrier", "zope-interface"]
tests = ["attrs[tests-no-zope]", "zope-interface"]
tests-no-zope = ["cloudpickle", "hypothesis", "mypy (>=1.1.1)", "pympler", "pytest (>=4.3.0)", "pytest-mypy-plugins", "pytest-xdist[psutil]"]

[[package]]
name = "colorama"
version = "0.4.6"
description = "Cross-platform colored terminal text."
optional = false
python-versions = "!=3.0.*,!=3.1.*,!=3.2.*,!=3.3.*,!=3.4.*,!=3.5.*,!=3.6.*,>=2.7"
files = [
    {file = "colorama-0.4.6-py2.py3-none-any.whl", hash = "sha256:4f1d9991f5acc0ca119f9d443620b77f9d6b33703e51011c16baf57afb285fc6"},
    {file = "colorama-0.4.6.tar.gz", hash = "sha256:08695f5cb7ed6e0531a20572697297273c47b8cae5a63ffc6d6ed5c201be6e44"},
]

[[package]]
name = "exceptiongroup"
version = "1.2.0"
description = "Backport of PEP 654 (exception groups)"
optional = false
python-versions = ">=3.7"
files = [
    {file = "exceptiongroup-1.2.0-py3-none-any.whl", hash = "sha256:4bfd3996ac73b41e9b9628b04e079f193850720ea5945fc96a08633c66912f14"},
    {file = "exceptiongroup-1.2.0.tar.gz", hash = "sha256:91f5c769735f051a4290d52edd0858999b57e5876e9f85937691bd4c9fa3ed68"},
]

[package.extras]
test = ["pytest (>=6)"]

[[package]]
name = "iniconfig"
version = "2.0.0"
description = "brain-dead simple config-ini parsing"
optional = false
python-versions = ">=3.7"
files = [
    {file = "iniconfig-2.0.0-py3-none-any.whl", hash = "sha256:b6a85871a79d2e3b22d2d1b94ac2824226a63c6b741c88f7ae975f18b6778374"},
    {file = "iniconfig-2.0.0.tar.gz", hash = "sha256:2d91e135bf72d31a410b17c16da610a82cb55f6b0477d1a902134b24a455b8b3"},
]

[[package]]
name = "jsonschema"
version = "4.20.0"
description = "An implementation of JSON Schema validation for Python"
optional = false
python-versions = ">=3.8"
files = [
    {file = "jsonschema-4.20.0-py3-none-any.whl", hash = "sha256:ed6231f0429ecf966f5bc8dfef245998220549cbbcf140f913b7464c52c3b6b3"},
    {file = "jsonschema-4.20.0.tar.gz", hash = "sha256:4f614fd46d8d61258610998997743ec5492a648b33cf478c1ddc23ed4598a5fa"},
]

[package.dependencies]
attrs = ">=22.2.0"
jsonschema-specifications = ">=2023.03.6"
referencing = ">=0.28.4"
rpds-py = ">=0.7.1"

[package.extras]
format = ["fqdn", "idna", "isoduration", "jsonpointer (>1.13)", "rfc3339-validator", "rfc3987", "uri-template", "webcolors (>=1.11)"]
format-nongpl = ["fqdn", "idna", "isoduration", "jsonpointer (>1.13)", "rfc3339-validator", "rfc3986-validator (>0.1.0)", "uri-template", "webcolors (>=1.11)"]

[[package]]
name = "jsonschema-specifications"
version = "2023.11.2"
description = "The JSON Schema meta-schemas and vocabularies, exposed as a Registry"
optional = false
python-versions = ">=3.8"
files = [
    {file = "jsonschema_specifications-2023.11.2-py3-none-any.whl", hash = "sha256:e74ba7c0a65e8cb49dc26837d6cfe576557084a8b423ed16a420984228104f93"},
    {file = "jsonschema_specifications-2023.11.2.tar.gz", hash = "sha256:9472fc4fea474cd74bea4a2b190daeccb5a9e4db2ea80efcf7a1b582fc9a81b8"},
]

[package.dependencies]
referencing = ">=0.31.0"

[[package]]
name = "numpy"
version = "1.26.2"
description = "Fundamental package for array computing in Python"
optional = false
python-versions = ">=3.9"
files = [
    {file = "numpy-1.26.2-cp310-cp310-macosx_10_9_x86_64.whl", hash = "sha256:3703fc9258a4a122d17043e57b35e5ef1c5a5837c3db8be396c82e04c1cf9b0f"},
    {file = "numpy-1.26.2-cp310-cp310-macosx_11_0_arm64.whl", hash = "sha256:cc392fdcbd21d4be6ae1bb4475a03ce3b025cd49a9be5345d76d7585aea69440"},
    {file = "numpy-1.26.2-cp310-cp310-manylinux_2_17_aarch64.manylinux2014_aarch64.whl", hash = "sha256:36340109af8da8805d8851ef1d74761b3b88e81a9bd80b290bbfed61bd2b4f75"},
    {file = "numpy-1.26.2-cp310-cp310-manylinux_2_17_x86_64.manylinux2014_x86_64.whl", hash = "sha256:bcc008217145b3d77abd3e4d5ef586e3bdfba8fe17940769f8aa09b99e856c00"},
    {file = "numpy-1.26.2-cp310-cp310-musllinux_1_1_aarch64.whl", hash = "sha256:3ced40d4e9e18242f70dd02d739e44698df3dcb010d31f495ff00a31ef6014fe"},
    {file = "numpy-1.26.2-cp310-cp310-musllinux_1_1_x86_64.whl", hash = "sha256:b272d4cecc32c9e19911891446b72e986157e6a1809b7b56518b4f3755267523"},
    {file = "numpy-1.26.2-cp310-cp310-win32.whl", hash = "sha256:22f8fc02fdbc829e7a8c578dd8d2e15a9074b630d4da29cda483337e300e3ee9"},
    {file = "numpy-1.26.2-cp310-cp310-win_amd64.whl", hash = "sha256:26c9d33f8e8b846d5a65dd068c14e04018d05533b348d9eaeef6c1bd787f9919"},
    {file = "numpy-1.26.2-cp311-cp311-macosx_10_9_x86_64.whl", hash = "sha256:b96e7b9c624ef3ae2ae0e04fa9b460f6b9f17ad8b4bec6d7756510f1f6c0c841"},
    {file = "numpy-1.26.2-cp311-cp311-macosx_11_0_arm64.whl", hash = "sha256:aa18428111fb9a591d7a9cc1b48150097ba6a7e8299fb56bdf574df650e7d1f1"},
    {file = "numpy-1.26.2-cp311-cp311-manylinux_2_17_aarch64.manylinux2014_aarch64.whl", hash = "sha256:06fa1ed84aa60ea6ef9f91ba57b5ed963c3729534e6e54055fc151fad0423f0a"},
    {file = "numpy-1.26.2-cp311-cp311-manylinux_2_17_x86_64.manylinux2014_x86_64.whl", hash = "sha256:96ca5482c3dbdd051bcd1fce8034603d6ebfc125a7bd59f55b40d8f5d246832b"},
    {file = "numpy-1.26.2-cp311-cp311-musllinux_1_1_aarch64.whl", hash = "sha256:854ab91a2906ef29dc3925a064fcd365c7b4da743f84b123002f6139bcb3f8a7"},
    {file = "numpy-1.26.2-cp311-cp311-musllinux_1_1_x86_64.whl", hash = "sha256:f43740ab089277d403aa07567be138fc2a89d4d9892d113b76153e0e412409f8"},
    {file = "numpy-1.26.2-cp311-cp311-win32.whl", hash = "sha256:a2bbc29fcb1771cd7b7425f98b05307776a6baf43035d3b80c4b0f29e9545186"},
    {file = "numpy-1.26.2-cp311-cp311-win_amd64.whl", hash = "sha256:2b3fca8a5b00184828d12b073af4d0fc5fdd94b1632c2477526f6bd7842d700d"},
    {file = "numpy-1.26.2-cp312-cp312-macosx_10_9_x86_64.whl", hash = "sha256:a4cd6ed4a339c21f1d1b0fdf13426cb3b284555c27ac2f156dfdaaa7e16bfab0"},
    {file = "numpy-1.26.2-cp312-cp312-macosx_11_0_arm64.whl", hash = "sha256:5d5244aabd6ed7f312268b9247be47343a654ebea52a60f002dc70c769048e75"},
    {file = "numpy-1.26.2-cp312-cp312-manylinux_2_17_aarch64.manylinux2014_aarch64.whl", hash = "sha256:6a3cdb4d9c70e6b8c0814239ead47da00934666f668426fc6e94cce869e13fd7"},
    {file = "numpy-1.26.2-cp312-cp312-manylinux_2_17_x86_64.manylinux2014_x86_64.whl", hash = "sha256:aa317b2325f7aa0a9471663e6093c210cb2ae9c0ad824732b307d2c51983d5b6"},
    {file = "numpy-1.26.2-cp312-cp312-musllinux_1_1_aarch64.whl", hash = "sha256:174a8880739c16c925799c018f3f55b8130c1f7c8e75ab0a6fa9d41cab092fd6"},
    {file = "numpy-1.26.2-cp312-cp312-musllinux_1_1_x86_64.whl", hash = "sha256:f79b231bf5c16b1f39c7f4875e1ded36abee1591e98742b05d8a0fb55d8a3eec"},
    {file = "numpy-1.26.2-cp312-cp312-win32.whl", hash = "sha256:4a06263321dfd3598cacb252f51e521a8cb4b6df471bb12a7ee5cbab20ea9167"},
    {file = "numpy-1.26.2-cp312-cp312-win_amd64.whl", hash = "sha256:b04f5dc6b3efdaab541f7857351aac359e6ae3c126e2edb376929bd3b7f92d7e"},
    {file = "numpy-1.26.2-cp39-cp39-macosx_10_9_x86_64.whl", hash = "sha256:4eb8df4bf8d3d90d091e0146f6c28492b0be84da3e409ebef54349f71ed271ef"},
    {file = "numpy-1.26.2-cp39-cp39-macosx_11_0_arm64.whl", hash = "sha256:1a13860fdcd95de7cf58bd6f8bc5a5ef81c0b0625eb2c9a783948847abbef2c2"},
    {file = "numpy-1.26.2-cp39-cp39-manylinux_2_17_aarch64.manylinux2014_aarch64.whl", hash = "sha256:64308ebc366a8ed63fd0bf426b6a9468060962f1a4339ab1074c228fa6ade8e3"},
    {file = "numpy-1.26.2-cp39-cp39-manylinux_2_17_x86_64.manylinux2014_x86_64.whl", hash = "sha256:baf8aab04a2c0e859da118f0b38617e5ee65d75b83795055fb66c0d5e9e9b818"},
    {file = "numpy-1.26.2-cp39-cp39-musllinux_1_1_aarch64.whl", hash = "sha256:d73a3abcac238250091b11caef9ad12413dab01669511779bc9b29261dd50210"},
    {file = "numpy-1.26.2-cp39-cp39-musllinux_1_1_x86_64.whl", hash = "sha256:b361d369fc7e5e1714cf827b731ca32bff8d411212fccd29ad98ad622449cc36"},
    {file = "numpy-1.26.2-cp39-cp39-win32.whl", hash = "sha256:bd3f0091e845164a20bd5a326860c840fe2af79fa12e0469a12768a3ec578d80"},
    {file = "numpy-1.26.2-cp39-cp39-win_amd64.whl", hash = "sha256:2beef57fb031dcc0dc8fa4fe297a742027b954949cabb52a2a376c144e5e6060"},
    {file = "numpy-1.26.2-pp39-pypy39_pp73-macosx_10_9_x86_64.whl", hash = "sha256:1cc3d5029a30fb5f06704ad6b23b35e11309491c999838c31f124fee32107c79"},
    {file = "numpy-1.26.2-pp39-pypy39_pp73-manylinux_2_17_x86_64.manylinux2014_x86_64.whl", hash = "sha256:94cc3c222bb9fb5a12e334d0479b97bb2df446fbe622b470928f5284ffca3f8d"},
    {file = "numpy-1.26.2-pp39-pypy39_pp73-win_amd64.whl", hash = "sha256:fe6b44fb8fcdf7eda4ef4461b97b3f63c466b27ab151bec2366db8b197387841"},
    {file = "numpy-1.26.2.tar.gz", hash = "sha256:f65738447676ab5777f11e6bbbdb8ce11b785e105f690bc45966574816b6d3ea"},
]

[[package]]
name = "packaging"
version = "23.2"
description = "Core utilities for Python packages"
optional = false
python-versions = ">=3.7"
files = [
    {file = "packaging-23.2-py3-none-any.whl", hash = "sha256:8c491190033a9af7e1d931d0b5dacc2ef47509b34dd0de67ed209b5203fc88c7"},
    {file = "packaging-23.2.tar.gz", hash = "sha256:048fb0e9405036518eaaf48a55953c750c11e1a1b68e0dd1a9d62ed0c092cfc5"},
]

[[package]]
name = "pandas"
version = "2.1.4"
description = "Powerful data structures for data analysis, time series, and statistics"
optional = false
python-versions = ">=3.9"
files = [
    {file = "pandas-2.1.4-cp310-cp310-macosx_10_9_x86_64.whl", hash = "sha256:bdec823dc6ec53f7a6339a0e34c68b144a7a1fd28d80c260534c39c62c5bf8c9"},
    {file = "pandas-2.1.4-cp310-cp310-macosx_11_0_arm64.whl", hash = "sha256:294d96cfaf28d688f30c918a765ea2ae2e0e71d3536754f4b6de0ea4a496d034"},
    {file = "pandas-2.1.4-cp310-cp310-manylinux_2_17_aarch64.manylinux2014_aarch64.whl", hash = "sha256:6b728fb8deba8905b319f96447a27033969f3ea1fea09d07d296c9030ab2ed1d"},
    {file = "pandas-2.1.4-cp310-cp310-manylinux_2_17_x86_64.manylinux2014_x86_64.whl", hash = "sha256:00028e6737c594feac3c2df15636d73ace46b8314d236100b57ed7e4b9ebe8d9"},
    {file = "pandas-2.1.4-cp310-cp310-musllinux_1_1_x86_64.whl", hash = "sha256:426dc0f1b187523c4db06f96fb5c8d1a845e259c99bda74f7de97bd8a3bb3139"},
    {file = "pandas-2.1.4-cp310-cp310-win_amd64.whl", hash = "sha256:f237e6ca6421265643608813ce9793610ad09b40154a3344a088159590469e46"},
    {file = "pandas-2.1.4-cp311-cp311-macosx_10_9_x86_64.whl", hash = "sha256:b7d852d16c270e4331f6f59b3e9aa23f935f5c4b0ed2d0bc77637a8890a5d092"},
    {file = "pandas-2.1.4-cp311-cp311-macosx_11_0_arm64.whl", hash = "sha256:bd7d5f2f54f78164b3d7a40f33bf79a74cdee72c31affec86bfcabe7e0789821"},
    {file = "pandas-2.1.4-cp311-cp311-manylinux_2_17_aarch64.manylinux2014_aarch64.whl", hash = "sha256:0aa6e92e639da0d6e2017d9ccff563222f4eb31e4b2c3cf32a2a392fc3103c0d"},
    {file = "pandas-2.1.4-cp311-cp311-manylinux_2_17_x86_64.manylinux2014_x86_64.whl", hash = "sha256:d797591b6846b9db79e65dc2d0d48e61f7db8d10b2a9480b4e3faaddc421a171"},
    {file = "pandas-2.1.4-cp311-cp311-musllinux_1_1_x86_64.whl", hash = "sha256:d2d3e7b00f703aea3945995ee63375c61b2e6aa5aa7871c5d622870e5e137623"},
    {file = "pandas-2.1.4-cp311-cp311-win_amd64.whl", hash = "sha256:dc9bf7ade01143cddc0074aa6995edd05323974e6e40d9dbde081021ded8510e"},
    {file = "pandas-2.1.4-cp312-cp312-macosx_10_9_x86_64.whl", hash = "sha256:482d5076e1791777e1571f2e2d789e940dedd927325cc3cb6d0800c6304082f6"},
    {file = "pandas-2.1.4-cp312-cp312-macosx_11_0_arm64.whl", hash = "sha256:8a706cfe7955c4ca59af8c7a0517370eafbd98593155b48f10f9811da440248b"},
    {file = "pandas-2.1.4-cp312-cp312-manylinux_2_17_aarch64.manylinux2014_aarch64.whl", hash = "sha256:b0513a132a15977b4a5b89aabd304647919bc2169eac4c8536afb29c07c23540"},
    {file = "pandas-2.1.4-cp312-cp312-manylinux_2_17_x86_64.manylinux2014_x86_64.whl", hash = "sha256:e9f17f2b6fc076b2a0078862547595d66244db0f41bf79fc5f64a5c4d635bead"},
    {file = "pandas-2.1.4-cp312-cp312-musllinux_1_1_x86_64.whl", hash = "sha256:45d63d2a9b1b37fa6c84a68ba2422dc9ed018bdaa668c7f47566a01188ceeec1"},
    {file = "pandas-2.1.4-cp312-cp312-win_amd64.whl", hash = "sha256:f69b0c9bb174a2342818d3e2778584e18c740d56857fc5cdb944ec8bbe4082cf"},
    {file = "pandas-2.1.4-cp39-cp39-macosx_10_9_x86_64.whl", hash = "sha256:3f06bda01a143020bad20f7a85dd5f4a1600112145f126bc9e3e42077c24ef34"},
    {file = "pandas-2.1.4-cp39-cp39-macosx_11_0_arm64.whl", hash = "sha256:ab5796839eb1fd62a39eec2916d3e979ec3130509930fea17fe6f81e18108f6a"},
    {file = "pandas-2.1.4-cp39-cp39-manylinux_2_17_aarch64.manylinux2014_aarch64.whl", hash = "sha256:edbaf9e8d3a63a9276d707b4d25930a262341bca9874fcb22eff5e3da5394732"},
    {file = "pandas-2.1.4-cp39-cp39-manylinux_2_17_x86_64.manylinux2014_x86_64.whl", hash = "sha256:1ebfd771110b50055712b3b711b51bee5d50135429364d0498e1213a7adc2be8"},
    {file = "pandas-2.1.4-cp39-cp39-musllinux_1_1_x86_64.whl", hash = "sha256:8ea107e0be2aba1da619cc6ba3f999b2bfc9669a83554b1904ce3dd9507f0860"},
    {file = "pandas-2.1.4-cp39-cp39-win_amd64.whl", hash = "sha256:d65148b14788b3758daf57bf42725caa536575da2b64df9964c563b015230984"},
    {file = "pandas-2.1.4.tar.gz", hash = "sha256:fcb68203c833cc735321512e13861358079a96c174a61f5116a1de89c58c0ef7"},
]

[package.dependencies]
numpy = [
    {version = ">=1.22.4,<2", markers = "python_version < \"3.11\""},
    {version = ">=1.23.2,<2", markers = "python_version == \"3.11\""},
    {version = ">=1.26.0,<2", markers = "python_version >= \"3.12\""},
]
python-dateutil = ">=2.8.2"
pytz = ">=2020.1"
tzdata = ">=2022.1"

[package.extras]
all = ["PyQt5 (>=5.15.6)", "SQLAlchemy (>=1.4.36)", "beautifulsoup4 (>=4.11.1)", "bottleneck (>=1.3.4)", "dataframe-api-compat (>=0.1.7)", "fastparquet (>=0.8.1)", "fsspec (>=2022.05.0)", "gcsfs (>=2022.05.0)", "html5lib (>=1.1)", "hypothesis (>=6.46.1)", "jinja2 (>=3.1.2)", "lxml (>=4.8.0)", "matplotlib (>=3.6.1)", "numba (>=0.55.2)", "numexpr (>=2.8.0)", "odfpy (>=1.4.1)", "openpyxl (>=3.0.10)", "pandas-gbq (>=0.17.5)", "psycopg2 (>=2.9.3)", "pyarrow (>=7.0.0)", "pymysql (>=1.0.2)", "pyreadstat (>=1.1.5)", "pytest (>=7.3.2)", "pytest-xdist (>=2.2.0)", "pyxlsb (>=1.0.9)", "qtpy (>=2.2.0)", "s3fs (>=2022.05.0)", "scipy (>=1.8.1)", "tables (>=3.7.0)", "tabulate (>=0.8.10)", "xarray (>=2022.03.0)", "xlrd (>=2.0.1)", "xlsxwriter (>=3.0.3)", "zstandard (>=0.17.0)"]
aws = ["s3fs (>=2022.05.0)"]
clipboard = ["PyQt5 (>=5.15.6)", "qtpy (>=2.2.0)"]
compression = ["zstandard (>=0.17.0)"]
computation = ["scipy (>=1.8.1)", "xarray (>=2022.03.0)"]
consortium-standard = ["dataframe-api-compat (>=0.1.7)"]
excel = ["odfpy (>=1.4.1)", "openpyxl (>=3.0.10)", "pyxlsb (>=1.0.9)", "xlrd (>=2.0.1)", "xlsxwriter (>=3.0.3)"]
feather = ["pyarrow (>=7.0.0)"]
fss = ["fsspec (>=2022.05.0)"]
gcp = ["gcsfs (>=2022.05.0)", "pandas-gbq (>=0.17.5)"]
hdf5 = ["tables (>=3.7.0)"]
html = ["beautifulsoup4 (>=4.11.1)", "html5lib (>=1.1)", "lxml (>=4.8.0)"]
mysql = ["SQLAlchemy (>=1.4.36)", "pymysql (>=1.0.2)"]
output-formatting = ["jinja2 (>=3.1.2)", "tabulate (>=0.8.10)"]
parquet = ["pyarrow (>=7.0.0)"]
performance = ["bottleneck (>=1.3.4)", "numba (>=0.55.2)", "numexpr (>=2.8.0)"]
plot = ["matplotlib (>=3.6.1)"]
postgresql = ["SQLAlchemy (>=1.4.36)", "psycopg2 (>=2.9.3)"]
spss = ["pyreadstat (>=1.1.5)"]
sql-other = ["SQLAlchemy (>=1.4.36)"]
test = ["hypothesis (>=6.46.1)", "pytest (>=7.3.2)", "pytest-xdist (>=2.2.0)"]
xml = ["lxml (>=4.8.0)"]

[[package]]
name = "plotly"
version = "5.18.0"
description = "An open-source, interactive data visualization library for Python"
optional = false
python-versions = ">=3.6"
files = [
    {file = "plotly-5.18.0-py3-none-any.whl", hash = "sha256:23aa8ea2f4fb364a20d34ad38235524bd9d691bf5299e800bca608c31e8db8de"},
    {file = "plotly-5.18.0.tar.gz", hash = "sha256:360a31e6fbb49d12b007036eb6929521343d6bee2236f8459915821baefa2cbb"},
]

[package.dependencies]
packaging = "*"
tenacity = ">=6.2.0"

[[package]]
name = "pluggy"
version = "1.3.0"
description = "plugin and hook calling mechanisms for python"
optional = false
python-versions = ">=3.8"
files = [
    {file = "pluggy-1.3.0-py3-none-any.whl", hash = "sha256:d89c696a773f8bd377d18e5ecda92b7a3793cbe66c87060a6fb58c7b6e1061f7"},
    {file = "pluggy-1.3.0.tar.gz", hash = "sha256:cf61ae8f126ac6f7c451172cf30e3e43d3ca77615509771b3a984a0730651e12"},
]

[package.extras]
dev = ["pre-commit", "tox"]
testing = ["pytest", "pytest-benchmark"]

[[package]]
name = "pytest"
version = "7.4.3"
description = "pytest: simple powerful testing with Python"
optional = false
python-versions = ">=3.7"
files = [
    {file = "pytest-7.4.3-py3-none-any.whl", hash = "sha256:0d009c083ea859a71b76adf7c1d502e4bc170b80a8ef002da5806527b9591fac"},
    {file = "pytest-7.4.3.tar.gz", hash = "sha256:d989d136982de4e3b29dabcc838ad581c64e8ed52c11fbe86ddebd9da0818cd5"},
]

[package.dependencies]
colorama = {version = "*", markers = "sys_platform == \"win32\""}
exceptiongroup = {version = ">=1.0.0rc8", markers = "python_version < \"3.11\""}
iniconfig = "*"
packaging = "*"
pluggy = ">=0.12,<2.0"
tomli = {version = ">=1.0.0", markers = "python_version < \"3.11\""}

[package.extras]
testing = ["argcomplete", "attrs (>=19.2.0)", "hypothesis (>=3.56)", "mock", "nose", "pygments (>=2.7.2)", "requests", "setuptools", "xmlschema"]

[[package]]
name = "python-dateutil"
version = "2.8.2"
description = "Extensions to the standard Python datetime module"
optional = false
python-versions = "!=3.0.*,!=3.1.*,!=3.2.*,>=2.7"
files = [
    {file = "python-dateutil-2.8.2.tar.gz", hash = "sha256:0123cacc1627ae19ddf3c27a5de5bd67ee4586fbdd6440d9748f8abb483d3e86"},
    {file = "python_dateutil-2.8.2-py2.py3-none-any.whl", hash = "sha256:961d03dc3453ebbc59dbdea9e4e11c5651520a876d0f4db161e8674aae935da9"},
]

[package.dependencies]
six = ">=1.5"

[[package]]
name = "pytz"
version = "2023.3.post1"
description = "World timezone definitions, modern and historical"
optional = false
python-versions = "*"
files = [
    {file = "pytz-2023.3.post1-py2.py3-none-any.whl", hash = "sha256:ce42d816b81b68506614c11e8937d3aa9e41007ceb50bfdcb0749b921bf646c7"},
    {file = "pytz-2023.3.post1.tar.gz", hash = "sha256:7b4fddbeb94a1eba4b557da24f19fdf9db575192544270a9101d8509f9f43d7b"},
]

[[package]]
name = "referencing"
version = "0.32.0"
description = "JSON Referencing + Python"
optional = false
python-versions = ">=3.8"
files = [
    {file = "referencing-0.32.0-py3-none-any.whl", hash = "sha256:bdcd3efb936f82ff86f993093f6da7435c7de69a3b3a5a06678a6050184bee99"},
    {file = "referencing-0.32.0.tar.gz", hash = "sha256:689e64fe121843dcfd57b71933318ef1f91188ffb45367332700a86ac8fd6161"},
]

[package.dependencies]
attrs = ">=22.2.0"
rpds-py = ">=0.7.0"

[[package]]
name = "rpds-py"
version = "0.15.2"
description = "Python bindings to Rust's persistent data structures (rpds)"
optional = false
python-versions = ">=3.8"
files = [
    {file = "rpds_py-0.15.2-cp310-cp310-macosx_10_12_x86_64.whl", hash = "sha256:337a8653fb11d2fbe7157c961cc78cb3c161d98cf44410ace9a3dc2db4fad882"},
    {file = "rpds_py-0.15.2-cp310-cp310-macosx_11_0_arm64.whl", hash = "sha256:813a65f95bfcb7c8f2a70dd6add9b51e9accc3bdb3e03d0ff7a9e6a2d3e174bf"},
    {file = "rpds_py-0.15.2-cp310-cp310-manylinux_2_17_aarch64.manylinux2014_aarch64.whl", hash = "sha256:082e0e55d73690ffb4da4352d1b5bbe1b5c6034eb9dc8c91aa2a3ee15f70d3e2"},
    {file = "rpds_py-0.15.2-cp310-cp310-manylinux_2_17_armv7l.manylinux2014_armv7l.whl", hash = "sha256:5595c80dd03d7e6c6afb73f3594bf3379a7d79fa57164b591d012d4b71d6ac4c"},
    {file = "rpds_py-0.15.2-cp310-cp310-manylinux_2_17_ppc64le.manylinux2014_ppc64le.whl", hash = "sha256:fb10bb720348fe1647a94eb605accb9ef6a9b1875d8845f9e763d9d71a706387"},
    {file = "rpds_py-0.15.2-cp310-cp310-manylinux_2_17_s390x.manylinux2014_s390x.whl", hash = "sha256:53304cc14b1d94487d70086e1cb0cb4c29ec6da994d58ae84a4d7e78c6a6d04d"},
    {file = "rpds_py-0.15.2-cp310-cp310-manylinux_2_17_x86_64.manylinux2014_x86_64.whl", hash = "sha256:d64a657de7aae8db2da60dc0c9e4638a0c3893b4d60101fd564a3362b2bfeb34"},
    {file = "rpds_py-0.15.2-cp310-cp310-manylinux_2_5_i686.manylinux1_i686.whl", hash = "sha256:ee40206d1d6e95eaa2b7b919195e3689a5cf6ded730632de7f187f35a1b6052c"},
    {file = "rpds_py-0.15.2-cp310-cp310-musllinux_1_2_aarch64.whl", hash = "sha256:1607cda6129f815493a3c184492acb5ae4aa6ed61d3a1b3663aa9824ed26f7ac"},
    {file = "rpds_py-0.15.2-cp310-cp310-musllinux_1_2_i686.whl", hash = "sha256:f3e6e2e502c4043c52a99316d89dc49f416acda5b0c6886e0dd8ea7bb35859e8"},
    {file = "rpds_py-0.15.2-cp310-cp310-musllinux_1_2_x86_64.whl", hash = "sha256:044f6f46d62444800402851afa3c3ae50141f12013060c1a3a0677e013310d6d"},
    {file = "rpds_py-0.15.2-cp310-none-win32.whl", hash = "sha256:c827a931c6b57f50f1bb5de400dcfb00bad8117e3753e80b96adb72d9d811514"},
    {file = "rpds_py-0.15.2-cp310-none-win_amd64.whl", hash = "sha256:3bbc89ce2a219662ea142f0abcf8d43f04a41d5b1880be17a794c39f0d609cb0"},
    {file = "rpds_py-0.15.2-cp311-cp311-macosx_10_12_x86_64.whl", hash = "sha256:1fd0f0b1ccd7d537b858a56355a250108df692102e08aa2036e1a094fd78b2dc"},
    {file = "rpds_py-0.15.2-cp311-cp311-macosx_11_0_arm64.whl", hash = "sha256:b414ef79f1f06fb90b5165db8aef77512c1a5e3ed1b4807da8476b7e2c853283"},
    {file = "rpds_py-0.15.2-cp311-cp311-manylinux_2_17_aarch64.manylinux2014_aarch64.whl", hash = "sha256:c31272c674f725dfe0f343d73b0abe8c878c646967ec1c6106122faae1efc15b"},
    {file = "rpds_py-0.15.2-cp311-cp311-manylinux_2_17_armv7l.manylinux2014_armv7l.whl", hash = "sha256:a6945c2d61c42bb7e818677f43638675b8c1c43e858b67a96df3eb2426a86c9d"},
    {file = "rpds_py-0.15.2-cp311-cp311-manylinux_2_17_ppc64le.manylinux2014_ppc64le.whl", hash = "sha256:02744236ac1895d7be837878e707a5c35fb8edc5137602f253b63623d7ad5c8c"},
    {file = "rpds_py-0.15.2-cp311-cp311-manylinux_2_17_s390x.manylinux2014_s390x.whl", hash = "sha256:2181e86d4e1cdf49a7320cb72a36c45efcb7670d0a88f09fd2d3a7967c0540fd"},
    {file = "rpds_py-0.15.2-cp311-cp311-manylinux_2_17_x86_64.manylinux2014_x86_64.whl", hash = "sha256:6a8ff8e809da81363bffca2b965cb6e4bf6056b495fc3f078467d1f8266fe27f"},
    {file = "rpds_py-0.15.2-cp311-cp311-manylinux_2_5_i686.manylinux1_i686.whl", hash = "sha256:97532802f14d383f37d603a56e226909f825a83ff298dc1b6697de00d2243999"},
    {file = "rpds_py-0.15.2-cp311-cp311-musllinux_1_2_aarch64.whl", hash = "sha256:13716e53627ad97babf72ac9e01cf9a7d4af2f75dd5ed7b323a7a9520e948282"},
    {file = "rpds_py-0.15.2-cp311-cp311-musllinux_1_2_i686.whl", hash = "sha256:2f1f295a5c28cfa74a7d48c95acc1c8a7acd49d7d9072040d4b694fe11cd7166"},
    {file = "rpds_py-0.15.2-cp311-cp311-musllinux_1_2_x86_64.whl", hash = "sha256:8ec464f20fe803ae00419bd1610934e3bda963aeba1e6181dfc9033dc7e8940c"},
    {file = "rpds_py-0.15.2-cp311-none-win32.whl", hash = "sha256:b61d5096e75fd71018b25da50b82dd70ec39b5e15bb2134daf7eb7bbbc103644"},
    {file = "rpds_py-0.15.2-cp311-none-win_amd64.whl", hash = "sha256:9d41ebb471a6f064c0d1c873c4f7dded733d16ca5db7d551fb04ff3805d87802"},
    {file = "rpds_py-0.15.2-cp312-cp312-macosx_10_12_x86_64.whl", hash = "sha256:13ff62d3561a23c17341b4afc78e8fcfd799ab67c0b1ca32091d71383a98ba4b"},
    {file = "rpds_py-0.15.2-cp312-cp312-macosx_11_0_arm64.whl", hash = "sha256:b70b45a40ad0798b69748b34d508259ef2bdc84fb2aad4048bc7c9cafb68ddb3"},
    {file = "rpds_py-0.15.2-cp312-cp312-manylinux_2_17_aarch64.manylinux2014_aarch64.whl", hash = "sha256:b4ecbba7efd82bd2a4bb88aab7f984eb5470991c1347bdd1f35fb34ea28dba6e"},
    {file = "rpds_py-0.15.2-cp312-cp312-manylinux_2_17_armv7l.manylinux2014_armv7l.whl", hash = "sha256:9d38494a8d21c246c535b41ecdb2d562c4b933cf3d68de03e8bc43a0d41be652"},
    {file = "rpds_py-0.15.2-cp312-cp312-manylinux_2_17_ppc64le.manylinux2014_ppc64le.whl", hash = "sha256:13152dfe7d7c27c40df8b99ac6aab12b978b546716e99f67e8a67a1d441acbc3"},
    {file = "rpds_py-0.15.2-cp312-cp312-manylinux_2_17_s390x.manylinux2014_s390x.whl", hash = "sha256:164fcee32f15d04d61568c9cb0d919e37ff3195919cd604039ff3053ada0461b"},
    {file = "rpds_py-0.15.2-cp312-cp312-manylinux_2_17_x86_64.manylinux2014_x86_64.whl", hash = "sha256:6a5122b17a4faf5d7a6d91fa67b479736c0cacc7afe791ddebb7163a8550b799"},
    {file = "rpds_py-0.15.2-cp312-cp312-manylinux_2_5_i686.manylinux1_i686.whl", hash = "sha256:46b4f3d47d1033db569173be62365fbf7808c2bd3fb742314d251f130d90d44c"},
    {file = "rpds_py-0.15.2-cp312-cp312-musllinux_1_2_aarch64.whl", hash = "sha256:c61e42b4ceb9759727045765e87d51c1bb9f89987aca1fcc8a040232138cad1c"},
    {file = "rpds_py-0.15.2-cp312-cp312-musllinux_1_2_i686.whl", hash = "sha256:d2aa3ca9552f83b0b4fa6ca8c6ce08da6580f37e3e0ab7afac73a1cfdc230c0e"},
    {file = "rpds_py-0.15.2-cp312-cp312-musllinux_1_2_x86_64.whl", hash = "sha256:ec19e823b4ccd87bd69e990879acbce9e961fc7aebe150156b8f4418d4b27b7f"},
    {file = "rpds_py-0.15.2-cp312-none-win32.whl", hash = "sha256:afeabb382c1256a7477b739820bce7fe782bb807d82927102cee73e79b41b38b"},
    {file = "rpds_py-0.15.2-cp312-none-win_amd64.whl", hash = "sha256:422b0901878a31ef167435c5ad46560362891816a76cc0d150683f3868a6f0d1"},
    {file = "rpds_py-0.15.2-cp38-cp38-macosx_10_12_x86_64.whl", hash = "sha256:baf744e5f9d5ee6531deea443be78b36ed1cd36c65a0b95ea4e8d69fa0102268"},
    {file = "rpds_py-0.15.2-cp38-cp38-macosx_11_0_arm64.whl", hash = "sha256:7e072f5da38d6428ba1fc1115d3cc0dae895df671cb04c70c019985e8c7606be"},
    {file = "rpds_py-0.15.2-cp38-cp38-manylinux_2_17_aarch64.manylinux2014_aarch64.whl", hash = "sha256:f138f550b83554f5b344d6be35d3ed59348510edc3cb96f75309db6e9bfe8210"},
    {file = "rpds_py-0.15.2-cp38-cp38-manylinux_2_17_armv7l.manylinux2014_armv7l.whl", hash = "sha256:b2a4cd924d0e2f4b1a68034abe4cadc73d69ad5f4cf02db6481c0d4d749f548f"},
    {file = "rpds_py-0.15.2-cp38-cp38-manylinux_2_17_ppc64le.manylinux2014_ppc64le.whl", hash = "sha256:5eb05b654a41e0f81ab27a7c3e88b6590425eb3e934e1d533ecec5dc88a6ffff"},
    {file = "rpds_py-0.15.2-cp38-cp38-manylinux_2_17_s390x.manylinux2014_s390x.whl", hash = "sha256:2ee066a64f0d2ba45391cac15b3a70dcb549e968a117bd0500634754cfe0e5fc"},
    {file = "rpds_py-0.15.2-cp38-cp38-manylinux_2_17_x86_64.manylinux2014_x86_64.whl", hash = "sha256:c51a899792ee2c696072791e56b2020caff58b275abecbc9ae0cb71af0645c95"},
    {file = "rpds_py-0.15.2-cp38-cp38-manylinux_2_5_i686.manylinux1_i686.whl", hash = "sha256:ac2ac84a4950d627d84b61f082eba61314373cfab4b3c264b62efab02ababe83"},
    {file = "rpds_py-0.15.2-cp38-cp38-musllinux_1_2_aarch64.whl", hash = "sha256:62b292fff4739c6be89e6a0240c02bda5a9066a339d90ab191cf66e9fdbdc193"},
    {file = "rpds_py-0.15.2-cp38-cp38-musllinux_1_2_i686.whl", hash = "sha256:98ee201a52a7f65608e5494518932e1473fd43535f12cade0a1b4ab32737fe28"},
    {file = "rpds_py-0.15.2-cp38-cp38-musllinux_1_2_x86_64.whl", hash = "sha256:3d40fb3ca22e3d40f494d577441b263026a3bd8c97ae6ce89b2d3c4b39ac9581"},
    {file = "rpds_py-0.15.2-cp38-none-win32.whl", hash = "sha256:30479a9f1fce47df56b07460b520f49fa2115ec2926d3b1303c85c81f8401ed1"},
    {file = "rpds_py-0.15.2-cp38-none-win_amd64.whl", hash = "sha256:2df3d07a16a3bef0917b28cd564778fbb31f3ffa5b5e33584470e2d1b0f248f0"},
    {file = "rpds_py-0.15.2-cp39-cp39-macosx_10_12_x86_64.whl", hash = "sha256:56b51ba29a18e5f5810224bcf00747ad931c0716e3c09a76b4a1edd3d4aba71f"},
    {file = "rpds_py-0.15.2-cp39-cp39-macosx_11_0_arm64.whl", hash = "sha256:3c11bc5814554b018f6c5d6ae0969e43766f81e995000b53a5d8c8057055e886"},
    {file = "rpds_py-0.15.2-cp39-cp39-manylinux_2_17_aarch64.manylinux2014_aarch64.whl", hash = "sha256:2faa97212b0dc465afeedf49045cdd077f97be1188285e646a9f689cb5dfff9e"},
    {file = "rpds_py-0.15.2-cp39-cp39-manylinux_2_17_armv7l.manylinux2014_armv7l.whl", hash = "sha256:86c01299942b0f4b5b5f28c8701689181ad2eab852e65417172dbdd6c5b3ccc8"},
    {file = "rpds_py-0.15.2-cp39-cp39-manylinux_2_17_ppc64le.manylinux2014_ppc64le.whl", hash = "sha256:dd7d3608589072f63078b4063a6c536af832e76b0b3885f1bfe9e892abe6c207"},
    {file = "rpds_py-0.15.2-cp39-cp39-manylinux_2_17_s390x.manylinux2014_s390x.whl", hash = "sha256:938518a11780b39998179d07f31a4a468888123f9b00463842cd40f98191f4d3"},
    {file = "rpds_py-0.15.2-cp39-cp39-manylinux_2_17_x86_64.manylinux2014_x86_64.whl", hash = "sha256:2dccc623725d0b298f557d869a68496a2fd2a9e9c41107f234fa5f7a37d278ac"},
    {file = "rpds_py-0.15.2-cp39-cp39-manylinux_2_5_i686.manylinux1_i686.whl", hash = "sha256:d46ee458452727a147d7897bb33886981ae1235775e05decae5d5d07f537695a"},
    {file = "rpds_py-0.15.2-cp39-cp39-musllinux_1_2_aarch64.whl", hash = "sha256:d9d7ebcd11ea76ba0feaae98485cd8e31467c3d7985210fab46983278214736b"},
    {file = "rpds_py-0.15.2-cp39-cp39-musllinux_1_2_i686.whl", hash = "sha256:8a5f574b92b3ee7d254e56d56e37ec0e1416acb1ae357c4956d76a1788dc58fb"},
    {file = "rpds_py-0.15.2-cp39-cp39-musllinux_1_2_x86_64.whl", hash = "sha256:3db0c998c92b909d7c90b66c965590d4f3cd86157176a6cf14aa1f867b77b889"},
    {file = "rpds_py-0.15.2-cp39-none-win32.whl", hash = "sha256:bbc7421cbd28b4316d1d017db338039a7943f945c6f2bb15e1439b14b5682d28"},
    {file = "rpds_py-0.15.2-cp39-none-win_amd64.whl", hash = "sha256:1c24e30d720c0009b6fb2e1905b025da56103c70a8b31b99138e4ed1c2a6c5b0"},
    {file = "rpds_py-0.15.2-pp310-pypy310_pp73-macosx_10_12_x86_64.whl", hash = "sha256:1e6fcd0a0f62f2997107f758bb372397b8d5fd5f39cc6dcb86f7cb98a2172d6c"},
    {file = "rpds_py-0.15.2-pp310-pypy310_pp73-macosx_11_0_arm64.whl", hash = "sha256:d800a8e2ac62db1b9ea5d6d1724f1a93c53907ca061de4d05ed94e8dfa79050c"},
    {file = "rpds_py-0.15.2-pp310-pypy310_pp73-manylinux_2_17_aarch64.manylinux2014_aarch64.whl", hash = "sha256:9e09d017e3f4d9bd7d17a30d3f59e4d6d9ba2d2ced280eec2425e84112cf623f"},
    {file = "rpds_py-0.15.2-pp310-pypy310_pp73-manylinux_2_17_armv7l.manylinux2014_armv7l.whl", hash = "sha256:b88c3ab98556bc351b36d6208a6089de8c8db14a7f6e1f57f82a334bd2c18f0b"},
    {file = "rpds_py-0.15.2-pp310-pypy310_pp73-manylinux_2_17_ppc64le.manylinux2014_ppc64le.whl", hash = "sha256:8f333bfe782a2d05a67cfaa0cc9cd68b36b39ee6acfe099f980541ed973a7093"},
    {file = "rpds_py-0.15.2-pp310-pypy310_pp73-manylinux_2_17_s390x.manylinux2014_s390x.whl", hash = "sha256:b629db53fe17e6ce478a969d30bd1d0e8b53238c46e3a9c9db39e8b65a9ef973"},
    {file = "rpds_py-0.15.2-pp310-pypy310_pp73-manylinux_2_17_x86_64.manylinux2014_x86_64.whl", hash = "sha256:485fbdd23becb822804ed05622907ee5c8e8a5f43f6f43894a45f463b2217045"},
    {file = "rpds_py-0.15.2-pp310-pypy310_pp73-manylinux_2_5_i686.manylinux1_i686.whl", hash = "sha256:893e38d0f4319dfa70c0f36381a37cc418985c87b11d9784365b1fff4fa6973b"},
    {file = "rpds_py-0.15.2-pp310-pypy310_pp73-musllinux_1_2_aarch64.whl", hash = "sha256:8ffdeb7dbd0160d4e391e1f857477e4762d00aa2199c294eb95dfb9451aa1d9f"},
    {file = "rpds_py-0.15.2-pp310-pypy310_pp73-musllinux_1_2_i686.whl", hash = "sha256:fc33267d58dfbb2361baed52668c5d8c15d24bc0372cecbb79fed77339b55e0d"},
    {file = "rpds_py-0.15.2-pp310-pypy310_pp73-musllinux_1_2_x86_64.whl", hash = "sha256:2e7e5633577b3bd56bf3af2ef6ae3778bbafb83743989d57f0e7edbf6c0980e4"},
    {file = "rpds_py-0.15.2-pp38-pypy38_pp73-macosx_10_12_x86_64.whl", hash = "sha256:8b9650f92251fdef843e74fc252cdfd6e3c700157ad686eeb0c6d7fdb2d11652"},
    {file = "rpds_py-0.15.2-pp38-pypy38_pp73-macosx_11_0_arm64.whl", hash = "sha256:07a2e1d78d382f7181789713cdf0c16edbad4fe14fe1d115526cb6f0eef0daa3"},
    {file = "rpds_py-0.15.2-pp38-pypy38_pp73-manylinux_2_17_aarch64.manylinux2014_aarch64.whl", hash = "sha256:03f9c5875515820633bd7709a25c3e60c1ea9ad1c5d4030ce8a8c203309c36fd"},
    {file = "rpds_py-0.15.2-pp38-pypy38_pp73-manylinux_2_17_armv7l.manylinux2014_armv7l.whl", hash = "sha256:580182fa5b269c2981e9ce9764367cb4edc81982ce289208d4607c203f44ffde"},
    {file = "rpds_py-0.15.2-pp38-pypy38_pp73-manylinux_2_17_ppc64le.manylinux2014_ppc64le.whl", hash = "sha256:aa1e626c524d2c7972c0f3a8a575d654a3a9c008370dc2a97e46abd0eaa749b9"},
    {file = "rpds_py-0.15.2-pp38-pypy38_pp73-manylinux_2_17_s390x.manylinux2014_s390x.whl", hash = "sha256:ae9d83a81b09ce3a817e2cbb23aabc07f86a3abc664c613cd283ce7a03541e95"},
    {file = "rpds_py-0.15.2-pp38-pypy38_pp73-manylinux_2_17_x86_64.manylinux2014_x86_64.whl", hash = "sha256:9235be95662559141934fced8197de6fee8c58870f36756b0584424b6d708393"},
    {file = "rpds_py-0.15.2-pp38-pypy38_pp73-manylinux_2_5_i686.manylinux1_i686.whl", hash = "sha256:a72e00826a2b032dda3eb25aa3e3579c6d6773d22d8446089a57a123481cc46c"},
    {file = "rpds_py-0.15.2-pp38-pypy38_pp73-musllinux_1_2_aarch64.whl", hash = "sha256:ab095edf1d840a6a6a4307e1a5b907a299a94e7b90e75436ee770b8c35d22a25"},
    {file = "rpds_py-0.15.2-pp38-pypy38_pp73-musllinux_1_2_i686.whl", hash = "sha256:3b79c63d29101cbaa53a517683557bb550462394fb91044cc5998dd2acff7340"},
    {file = "rpds_py-0.15.2-pp38-pypy38_pp73-musllinux_1_2_x86_64.whl", hash = "sha256:911e600e798374c0d86235e7ef19109cf865d1336942d398ff313375a25a93ba"},
    {file = "rpds_py-0.15.2-pp39-pypy39_pp73-macosx_10_12_x86_64.whl", hash = "sha256:3cd61e759c4075510052d1eca5cddbd297fe1164efec14ef1fce3f09b974dfe4"},
    {file = "rpds_py-0.15.2-pp39-pypy39_pp73-macosx_11_0_arm64.whl", hash = "sha256:9d2ae79f31da5143e020a8d4fc74e1f0cbcb8011bdf97453c140aa616db51406"},
    {file = "rpds_py-0.15.2-pp39-pypy39_pp73-manylinux_2_17_aarch64.manylinux2014_aarch64.whl", hash = "sha256:5e99d6510c8557510c220b865d966b105464740dcbebf9b79ecd4fbab30a13d9"},
    {file = "rpds_py-0.15.2-pp39-pypy39_pp73-manylinux_2_17_armv7l.manylinux2014_armv7l.whl", hash = "sha256:6c43e1b89099279cc03eb1c725c5de12af6edcd2f78e2f8a022569efa639ada3"},
    {file = "rpds_py-0.15.2-pp39-pypy39_pp73-manylinux_2_17_ppc64le.manylinux2014_ppc64le.whl", hash = "sha256:ac7187bee72384b9cfedf09a29a3b2b6e8815cc64c095cdc8b5e6aec81e9fd5f"},
    {file = "rpds_py-0.15.2-pp39-pypy39_pp73-manylinux_2_17_s390x.manylinux2014_s390x.whl", hash = "sha256:3423007fc0661827e06f8a185a3792c73dda41f30f3421562f210cf0c9e49569"},
    {file = "rpds_py-0.15.2-pp39-pypy39_pp73-manylinux_2_17_x86_64.manylinux2014_x86_64.whl", hash = "sha256:2974e6dff38afafd5ccf8f41cb8fc94600b3f4fd9b0a98f6ece6e2219e3158d5"},
    {file = "rpds_py-0.15.2-pp39-pypy39_pp73-manylinux_2_5_i686.manylinux1_i686.whl", hash = "sha256:93c18a1696a8e0388ed84b024fe1a188a26ba999b61d1d9a371318cb89885a8c"},
    {file = "rpds_py-0.15.2-pp39-pypy39_pp73-musllinux_1_2_aarch64.whl", hash = "sha256:c7cd0841a586b7105513a7c8c3d5c276f3adc762a072d81ef7fae80632afad1e"},
    {file = "rpds_py-0.15.2-pp39-pypy39_pp73-musllinux_1_2_i686.whl", hash = "sha256:709dc11af2f74ba89c68b1592368c6edcbccdb0a06ba77eb28c8fe08bb6997da"},
    {file = "rpds_py-0.15.2-pp39-pypy39_pp73-musllinux_1_2_x86_64.whl", hash = "sha256:fc066395e6332da1e7525d605b4c96055669f8336600bef8ac569d5226a7c76f"},
    {file = "rpds_py-0.15.2.tar.gz", hash = "sha256:373b76eeb79e8c14f6d82cb1d4d5293f9e4059baec6c1b16dca7ad13b6131b39"},
]

[[package]]
name = "scipy"
version = "1.11.4"
description = "Fundamental algorithms for scientific computing in Python"
optional = false
python-versions = ">=3.9"
files = [
    {file = "scipy-1.11.4-cp310-cp310-macosx_10_9_x86_64.whl", hash = "sha256:bc9a714581f561af0848e6b69947fda0614915f072dfd14142ed1bfe1b806710"},
    {file = "scipy-1.11.4-cp310-cp310-macosx_12_0_arm64.whl", hash = "sha256:cf00bd2b1b0211888d4dc75656c0412213a8b25e80d73898083f402b50f47e41"},
    {file = "scipy-1.11.4-cp310-cp310-manylinux_2_17_aarch64.manylinux2014_aarch64.whl", hash = "sha256:b9999c008ccf00e8fbcce1236f85ade5c569d13144f77a1946bef8863e8f6eb4"},
    {file = "scipy-1.11.4-cp310-cp310-manylinux_2_17_x86_64.manylinux2014_x86_64.whl", hash = "sha256:933baf588daa8dc9a92c20a0be32f56d43faf3d1a60ab11b3f08c356430f6e56"},
    {file = "scipy-1.11.4-cp310-cp310-musllinux_1_1_x86_64.whl", hash = "sha256:8fce70f39076a5aa62e92e69a7f62349f9574d8405c0a5de6ed3ef72de07f446"},
    {file = "scipy-1.11.4-cp310-cp310-win_amd64.whl", hash = "sha256:6550466fbeec7453d7465e74d4f4b19f905642c89a7525571ee91dd7adabb5a3"},
    {file = "scipy-1.11.4-cp311-cp311-macosx_10_9_x86_64.whl", hash = "sha256:f313b39a7e94f296025e3cffc2c567618174c0b1dde173960cf23808f9fae4be"},
    {file = "scipy-1.11.4-cp311-cp311-macosx_12_0_arm64.whl", hash = "sha256:1b7c3dca977f30a739e0409fb001056484661cb2541a01aba0bb0029f7b68db8"},
    {file = "scipy-1.11.4-cp311-cp311-manylinux_2_17_aarch64.manylinux2014_aarch64.whl", hash = "sha256:00150c5eae7b610c32589dda259eacc7c4f1665aedf25d921907f4d08a951b1c"},
    {file = "scipy-1.11.4-cp311-cp311-manylinux_2_17_x86_64.manylinux2014_x86_64.whl", hash = "sha256:530f9ad26440e85766509dbf78edcfe13ffd0ab7fec2560ee5c36ff74d6269ff"},
    {file = "scipy-1.11.4-cp311-cp311-musllinux_1_1_x86_64.whl", hash = "sha256:5e347b14fe01003d3b78e196e84bd3f48ffe4c8a7b8a1afbcb8f5505cb710993"},
    {file = "scipy-1.11.4-cp311-cp311-win_amd64.whl", hash = "sha256:acf8ed278cc03f5aff035e69cb511741e0418681d25fbbb86ca65429c4f4d9cd"},
    {file = "scipy-1.11.4-cp312-cp312-macosx_10_9_x86_64.whl", hash = "sha256:028eccd22e654b3ea01ee63705681ee79933652b2d8f873e7949898dda6d11b6"},
    {file = "scipy-1.11.4-cp312-cp312-macosx_12_0_arm64.whl", hash = "sha256:2c6ff6ef9cc27f9b3db93a6f8b38f97387e6e0591600369a297a50a8e96e835d"},
    {file = "scipy-1.11.4-cp312-cp312-manylinux_2_17_aarch64.manylinux2014_aarch64.whl", hash = "sha256:b030c6674b9230d37c5c60ab456e2cf12f6784596d15ce8da9365e70896effc4"},
    {file = "scipy-1.11.4-cp312-cp312-manylinux_2_17_x86_64.manylinux2014_x86_64.whl", hash = "sha256:ad669df80528aeca5f557712102538f4f37e503f0c5b9541655016dd0932ca79"},
    {file = "scipy-1.11.4-cp312-cp312-musllinux_1_1_x86_64.whl", hash = "sha256:ce7fff2e23ab2cc81ff452a9444c215c28e6305f396b2ba88343a567feec9660"},
    {file = "scipy-1.11.4-cp312-cp312-win_amd64.whl", hash = "sha256:36750b7733d960d7994888f0d148d31ea3017ac15eef664194b4ef68d36a4a97"},
    {file = "scipy-1.11.4-cp39-cp39-macosx_10_9_x86_64.whl", hash = "sha256:6e619aba2df228a9b34718efb023966da781e89dd3d21637b27f2e54db0410d7"},
    {file = "scipy-1.11.4-cp39-cp39-macosx_12_0_arm64.whl", hash = "sha256:f3cd9e7b3c2c1ec26364856f9fbe78695fe631150f94cd1c22228456404cf1ec"},
    {file = "scipy-1.11.4-cp39-cp39-manylinux_2_17_aarch64.manylinux2014_aarch64.whl", hash = "sha256:d10e45a6c50211fe256da61a11c34927c68f277e03138777bdebedd933712fea"},
    {file = "scipy-1.11.4-cp39-cp39-manylinux_2_17_x86_64.manylinux2014_x86_64.whl", hash = "sha256:91af76a68eeae0064887a48e25c4e616fa519fa0d38602eda7e0f97d65d57937"},
    {file = "scipy-1.11.4-cp39-cp39-musllinux_1_1_x86_64.whl", hash = "sha256:6df1468153a31cf55ed5ed39647279beb9cfb5d3f84369453b49e4b8502394fd"},
    {file = "scipy-1.11.4-cp39-cp39-win_amd64.whl", hash = "sha256:ee410e6de8f88fd5cf6eadd73c135020bfbbbdfcd0f6162c36a7638a1ea8cc65"},
    {file = "scipy-1.11.4.tar.gz", hash = "sha256:90a2b78e7f5733b9de748f589f09225013685f9b218275257f8a8168ededaeaa"},
]

[package.dependencies]
numpy = ">=1.21.6,<1.28.0"

[package.extras]
dev = ["click", "cython-lint (>=0.12.2)", "doit (>=0.36.0)", "mypy", "pycodestyle", "pydevtool", "rich-click", "ruff", "types-psutil", "typing_extensions"]
doc = ["jupytext", "matplotlib (>2)", "myst-nb", "numpydoc", "pooch", "pydata-sphinx-theme (==0.9.0)", "sphinx (!=4.1.0)", "sphinx-design (>=0.2.0)"]
test = ["asv", "gmpy2", "mpmath", "pooch", "pytest", "pytest-cov", "pytest-timeout", "pytest-xdist", "scikit-umfpack", "threadpoolctl"]

[[package]]
name = "six"
version = "1.16.0"
description = "Python 2 and 3 compatibility utilities"
optional = false
python-versions = ">=2.7, !=3.0.*, !=3.1.*, !=3.2.*"
files = [
    {file = "six-1.16.0-py2.py3-none-any.whl", hash = "sha256:8abb2f1d86890a2dfb989f9a77cfcfd3e47c2a354b01111771326f8aa26e0254"},
    {file = "six-1.16.0.tar.gz", hash = "sha256:1e61c37477a1626458e36f7b1d82aa5c9b094fa4802892072e49de9c60c4c926"},
]

[[package]]
name = "tenacity"
version = "8.2.3"
description = "Retry code until it succeeds"
optional = false
python-versions = ">=3.7"
files = [
    {file = "tenacity-8.2.3-py3-none-any.whl", hash = "sha256:ce510e327a630c9e1beaf17d42e6ffacc88185044ad85cf74c0a8887c6a0f88c"},
    {file = "tenacity-8.2.3.tar.gz", hash = "sha256:5398ef0d78e63f40007c1fb4c0bff96e1911394d2fa8d194f77619c05ff6cc8a"},
]

[package.extras]
doc = ["reno", "sphinx", "tornado (>=4.5)"]

[[package]]
name = "toml"
version = "0.10.2"
description = "Python Library for Tom's Obvious, Minimal Language"
optional = false
python-versions = ">=2.6, !=3.0.*, !=3.1.*, !=3.2.*"
files = [
    {file = "toml-0.10.2-py2.py3-none-any.whl", hash = "sha256:806143ae5bfb6a3c6e736a764057db0e6a0e05e338b5630894a5f779cabb4f9b"},
    {file = "toml-0.10.2.tar.gz", hash = "sha256:b3bda1d108d5dd99f4a20d24d9c348e91c4db7ab1b749200bded2f839ccbe68f"},
]

[[package]]
name = "tomli"
version = "2.0.1"
description = "A lil' TOML parser"
optional = false
python-versions = ">=3.7"
files = [
    {file = "tomli-2.0.1-py3-none-any.whl", hash = "sha256:939de3e7a6161af0c887ef91b7d41a53e7c5a1ca976325f429cb46ea9bc30ecc"},
    {file = "tomli-2.0.1.tar.gz", hash = "sha256:de526c12914f0c550d15924c62d72abc48d6fe7364aa87328337a31007fe8a4f"},
]

[[package]]
name = "tzdata"
version = "2023.3"
description = "Provider of IANA time zone data"
optional = false
python-versions = ">=2"
files = [
    {file = "tzdata-2023.3-py2.py3-none-any.whl", hash = "sha256:7e65763eef3120314099b6939b5546db7adce1e7d6f2e179e3df563c70511eda"},
    {file = "tzdata-2023.3.tar.gz", hash = "sha256:11ef1e08e54acb0d4f95bdb1be05da659673de4acbd21bf9c69e94cc5e907a3a"},
]

[metadata]
lock-version = "2.0"
python-versions = "^3.10"
content-hash = "a529e8bd4e3007294acefb93a3b971550ec7ca0376d5f97d263ef7fd78053410"
